
Microsoft Visual Studio Solution File, Format Version 12.00
# Visual Studio Version 17
VisualStudioVersion = 17.4.33213.308
MinimumVisualStudioVersion = 10.0.40219.1
Project("{FAE04EC0-301F-11D3-BF4B-00C04F79EFBC}") = "BitcoinTicker", "BitcoinTicker\BitcoinTicker.csproj", "{F11C630A-0C5E-42CC-93E1-EE9534A2FCAC}"
EndProject
Global
	GlobalSection(SolutionConfigurationPlatforms) = preSolution
		Debug|Any CPU = Debug|Any CPU
		Release|Any CPU = Release|Any CPU
	EndGlobalSection
	GlobalSection(ProjectConfigurationPlatforms) = postSolution
		{F11C630A-0C5E-42CC-93E1-EE9534A2FCAC}.Debug|Any CPU.ActiveCfg = Debug|Any CPU
		{F11C630A-0C5E-42CC-93E1-EE9534A2FCAC}.Debug|Any CPU.Build.0 = Debug|Any CPU
		{F11C630A-0C5E-42CC-93E1-EE9534A2FCAC}.Release|Any CPU.ActiveCfg = Release|Any CPU
		{F11C630A-0C5E-42CC-93E1-EE9534A2FCAC}.Release|Any CPU.Build.0 = Release|Any CPU
	EndGlobalSection
	GlobalSection(SolutionProperties) = preSolution
		HideSolutionNode = FALSE
	EndGlobalSection
	GlobalSection(ExtensibilityGlobals) = postSolution
		SolutionGuid = {2002FAAD-65A1-4D0F-B6C6-454B760383AC}
	EndGlobalSection
EndGlobal
