
Microsoft Visual Studio Solution File, Format Version 12.00
# Visual Studio Version 17
VisualStudioVersion = 17.4.33213.308
MinimumVisualStudioVersion = 10.0.40219.1
Project("{9A19103F-16F7-4668-BE54-9A1E7A4F7556}") = "BitcoinTicker.Application", "BitcoinTicker.Application\BitcoinTicker.Application.csproj", "{55E822D4-CF53-4A9B-8EF3-F61EB0A4C926}"
EndProject
Project("{9A19103F-16F7-4668-BE54-9A1E7A4F7556}") = "BitcoinTicker.Application.Shared", "BitcoinTicker.Application.Shared\BitcoinTicker.Application.Shared.csproj", "{3564578A-DACE-4A4E-B5D9-B640139E3365}"
EndProject
Project("{9A19103F-16F7-4668-BE54-9A1E7A4F7556}") = "BitcoinTicker.Api", "BitcoinTicker.Api\BitcoinTicker.Api.csproj", "{F3F6E6EA-329B-4198-B825-9DE72F4B684D}"
EndProject
Project("{9A19103F-16F7-4668-BE54-9A1E7A4F7556}") = "BitcoinTicker.Shared", "BitcoinTicker.Shared\BitcoinTicker.Shared.csproj", "{075F1899-9FD0-4BDD-AD9E-C38D2F075F79}"
EndProject
Project("{FAE04EC0-301F-11D3-BF4B-00C04F79EFBC}") = "BitcoinTicker.EntityFrameworkCore", "BitcoinTicker.EntityFrameworkCore\BitcoinTicker.EntityFrameworkCore.csproj", "{0AE8B51C-51AF-4B5E-AF95-9396DAC2E22A}"
EndProject
Global
	GlobalSection(SolutionConfigurationPlatforms) = preSolution
		Debug|Any CPU = Debug|Any CPU
		Release|Any CPU = Release|Any CPU
	EndGlobalSection
	GlobalSection(ProjectConfigurationPlatforms) = postSolution
		{55E822D4-CF53-4A9B-8EF3-F61EB0A4C926}.Debug|Any CPU.ActiveCfg = Debug|Any CPU
		{55E822D4-CF53-4A9B-8EF3-F61EB0A4C926}.Debug|Any CPU.Build.0 = Debug|Any CPU
		{55E822D4-CF53-4A9B-8EF3-F61EB0A4C926}.Release|Any CPU.ActiveCfg = Release|Any CPU
		{55E822D4-CF53-4A9B-8EF3-F61EB0A4C926}.Release|Any CPU.Build.0 = Release|Any CPU
		{3564578A-DACE-4A4E-B5D9-B640139E3365}.Debug|Any CPU.ActiveCfg = Debug|Any CPU
		{3564578A-DACE-4A4E-B5D9-B640139E3365}.Debug|Any CPU.Build.0 = Debug|Any CPU
		{3564578A-DACE-4A4E-B5D9-B640139E3365}.Release|Any CPU.ActiveCfg = Release|Any CPU
		{3564578A-DACE-4A4E-B5D9-B640139E3365}.Release|Any CPU.Build.0 = Release|Any CPU
		{F3F6E6EA-329B-4198-B825-9DE72F4B684D}.Debug|Any CPU.ActiveCfg = Debug|Any CPU
		{F3F6E6EA-329B-4198-B825-9DE72F4B684D}.Debug|Any CPU.Build.0 = Debug|Any CPU
		{F3F6E6EA-329B-4198-B825-9DE72F4B684D}.Release|Any CPU.ActiveCfg = Release|Any CPU
		{F3F6E6EA-329B-4198-B825-9DE72F4B684D}.Release|Any CPU.Build.0 = Release|Any CPU
		{075F1899-9FD0-4BDD-AD9E-C38D2F075F79}.Debug|Any CPU.ActiveCfg = Debug|Any CPU
		{075F1899-9FD0-4BDD-AD9E-C38D2F075F79}.Debug|Any CPU.Build.0 = Debug|Any CPU
		{075F1899-9FD0-4BDD-AD9E-C38D2F075F79}.Release|Any CPU.ActiveCfg = Release|Any CPU
		{075F1899-9FD0-4BDD-AD9E-C38D2F075F79}.Release|Any CPU.Build.0 = Release|Any CPU
		{0AE8B51C-51AF-4B5E-AF95-9396DAC2E22A}.Debug|Any CPU.ActiveCfg = Debug|Any CPU
		{0AE8B51C-51AF-4B5E-AF95-9396DAC2E22A}.Debug|Any CPU.Build.0 = Debug|Any CPU
		{0AE8B51C-51AF-4B5E-AF95-9396DAC2E22A}.Release|Any CPU.ActiveCfg = Release|Any CPU
		{0AE8B51C-51AF-4B5E-AF95-9396DAC2E22A}.Release|Any CPU.Build.0 = Release|Any CPU
	EndGlobalSection
	GlobalSection(SolutionProperties) = preSolution
		HideSolutionNode = FALSE
	EndGlobalSection
	GlobalSection(ExtensibilityGlobals) = postSolution
		SolutionGuid = {2002FAAD-65A1-4D0F-B6C6-454B760383AC}
	EndGlobalSection
EndGlobal
